
Microsoft Visual Studio Solution File, Format Version 12.00
# Visual Studio Version 16
VisualStudioVersion = 16.0.31321.278
MinimumVisualStudioVersion = 10.0.40219.1
Project("{C7167F0D-BC9F-4E6E-AFE1-012C56B48DB5}") = "ADB Explorer.Packaging", "ADB Explorer.Packaging\ADB Explorer.Packaging.wapproj", "{C065B732-8772-47EB-B200-6D70D5790875}"
EndProject
Project("{9A19103F-16F7-4668-BE54-9A1E7A4F7556}") = "ADB Explorer", "ADB Explorer\ADB Explorer.csproj", "{CD49E80B-1706-487E-966A-163DCBCB1DCC}"
EndProject
Project("{9A19103F-16F7-4668-BE54-9A1E7A4F7556}") = "ADB Explorer.Core", "ADB Explorer.Core\ADB Explorer.Core.csproj", "{B8FA11F3-5AC0-4A96-8EB4-F467E954DA75}"
EndProject
Project("{9A19103F-16F7-4668-BE54-9A1E7A4F7556}") = "ADB Explorer.Tests.MSTest", "ADB Explorer.Tests.MSTest\ADB Explorer.Tests.MSTest.csproj", "{EEA82A79-1397-4CAC-9875-BD0596745586}"
EndProject
Global
	GlobalSection(SolutionConfigurationPlatforms) = preSolution
		Debug|Any CPU = Debug|Any CPU
		Debug|ARM = Debug|ARM
		Debug|ARM64 = Debug|ARM64
		Debug|x64 = Debug|x64
		Debug|x86 = Debug|x86
		Release|Any CPU = Release|Any CPU
		Release|ARM = Release|ARM
		Release|ARM64 = Release|ARM64
		Release|x64 = Release|x64
		Release|x86 = Release|x86
	EndGlobalSection
	GlobalSection(ProjectConfigurationPlatforms) = postSolution
		{C065B732-8772-47EB-B200-6D70D5790875}.Debug|Any CPU.ActiveCfg = Debug|x86
		{C065B732-8772-47EB-B200-6D70D5790875}.Debug|ARM.ActiveCfg = Debug|ARM
		{C065B732-8772-47EB-B200-6D70D5790875}.Debug|ARM.Build.0 = Debug|ARM
		{C065B732-8772-47EB-B200-6D70D5790875}.Debug|ARM.Deploy.0 = Debug|ARM
		{C065B732-8772-47EB-B200-6D70D5790875}.Debug|ARM64.ActiveCfg = Debug|ARM64
		{C065B732-8772-47EB-B200-6D70D5790875}.Debug|ARM64.Build.0 = Debug|ARM64
		{C065B732-8772-47EB-B200-6D70D5790875}.Debug|ARM64.Deploy.0 = Debug|ARM64
		{C065B732-8772-47EB-B200-6D70D5790875}.Debug|x64.ActiveCfg = Debug|x64
		{C065B732-8772-47EB-B200-6D70D5790875}.Debug|x64.Build.0 = Debug|x64
		{C065B732-8772-47EB-B200-6D70D5790875}.Debug|x64.Deploy.0 = Debug|x64
		{C065B732-8772-47EB-B200-6D70D5790875}.Debug|x86.ActiveCfg = Debug|x86
		{C065B732-8772-47EB-B200-6D70D5790875}.Debug|x86.Build.0 = Debug|x86
		{C065B732-8772-47EB-B200-6D70D5790875}.Debug|x86.Deploy.0 = Debug|x86
		{C065B732-8772-47EB-B200-6D70D5790875}.Release|Any CPU.ActiveCfg = Release|Any CPU
		{C065B732-8772-47EB-B200-6D70D5790875}.Release|Any CPU.Build.0 = Release|Any CPU
		{C065B732-8772-47EB-B200-6D70D5790875}.Release|Any CPU.Deploy.0 = Release|Any CPU
		{C065B732-8772-47EB-B200-6D70D5790875}.Release|ARM.ActiveCfg = Release|ARM
		{C065B732-8772-47EB-B200-6D70D5790875}.Release|ARM.Build.0 = Release|ARM
		{C065B732-8772-47EB-B200-6D70D5790875}.Release|ARM.Deploy.0 = Release|ARM
		{C065B732-8772-47EB-B200-6D70D5790875}.Release|ARM64.ActiveCfg = Release|ARM64
		{C065B732-8772-47EB-B200-6D70D5790875}.Release|ARM64.Build.0 = Release|ARM64
		{C065B732-8772-47EB-B200-6D70D5790875}.Release|ARM64.Deploy.0 = Release|ARM64
		{C065B732-8772-47EB-B200-6D70D5790875}.Release|x64.ActiveCfg = Release|x64
		{C065B732-8772-47EB-B200-6D70D5790875}.Release|x64.Build.0 = Release|x64
		{C065B732-8772-47EB-B200-6D70D5790875}.Release|x64.Deploy.0 = Release|x64
		{C065B732-8772-47EB-B200-6D70D5790875}.Release|x86.ActiveCfg = Release|x86
		{C065B732-8772-47EB-B200-6D70D5790875}.Release|x86.Build.0 = Release|x86
		{C065B732-8772-47EB-B200-6D70D5790875}.Release|x86.Deploy.0 = Release|x86
		{CD49E80B-1706-487E-966A-163DCBCB1DCC}.Debug|Any CPU.ActiveCfg = Debug|x86
		{CD49E80B-1706-487E-966A-163DCBCB1DCC}.Debug|ARM.ActiveCfg = Debug|x86
		{CD49E80B-1706-487E-966A-163DCBCB1DCC}.Debug|ARM64.ActiveCfg = Debug|x86
		{CD49E80B-1706-487E-966A-163DCBCB1DCC}.Debug|x64.ActiveCfg = Debug|x64
		{CD49E80B-1706-487E-966A-163DCBCB1DCC}.Debug|x64.Build.0 = Debug|x64
		{CD49E80B-1706-487E-966A-163DCBCB1DCC}.Debug|x86.ActiveCfg = Debug|x86
		{CD49E80B-1706-487E-966A-163DCBCB1DCC}.Debug|x86.Build.0 = Debug|x86
		{CD49E80B-1706-487E-966A-163DCBCB1DCC}.Release|Any CPU.ActiveCfg = Release|x86
		{CD49E80B-1706-487E-966A-163DCBCB1DCC}.Release|Any CPU.Build.0 = Release|x86
		{CD49E80B-1706-487E-966A-163DCBCB1DCC}.Release|ARM.ActiveCfg = Release|x86
		{CD49E80B-1706-487E-966A-163DCBCB1DCC}.Release|ARM64.ActiveCfg = Release|x86
		{CD49E80B-1706-487E-966A-163DCBCB1DCC}.Release|x64.ActiveCfg = Release|x64
		{CD49E80B-1706-487E-966A-163DCBCB1DCC}.Release|x64.Build.0 = Release|x64
		{CD49E80B-1706-487E-966A-163DCBCB1DCC}.Release|x86.ActiveCfg = Release|x86
		{CD49E80B-1706-487E-966A-163DCBCB1DCC}.Release|x86.Build.0 = Release|x86
		{B8FA11F3-5AC0-4A96-8EB4-F467E954DA75}.Debug|Any CPU.ActiveCfg = Debug|Any CPU
		{B8FA11F3-5AC0-4A96-8EB4-F467E954DA75}.Debug|Any CPU.Build.0 = Debug|Any CPU
		{B8FA11F3-5AC0-4A96-8EB4-F467E954DA75}.Debug|ARM.ActiveCfg = Debug|Any CPU
		{B8FA11F3-5AC0-4A96-8EB4-F467E954DA75}.Debug|ARM.Build.0 = Debug|Any CPU
		{B8FA11F3-5AC0-4A96-8EB4-F467E954DA75}.Debug|ARM64.ActiveCfg = Debug|Any CPU
		{B8FA11F3-5AC0-4A96-8EB4-F467E954DA75}.Debug|ARM64.Build.0 = Debug|Any CPU
		{B8FA11F3-5AC0-4A96-8EB4-F467E954DA75}.Debug|x64.ActiveCfg = Debug|x64
		{B8FA11F3-5AC0-4A96-8EB4-F467E954DA75}.Debug|x64.Build.0 = Debug|x64
		{B8FA11F3-5AC0-4A96-8EB4-F467E954DA75}.Debug|x86.ActiveCfg = Debug|x86
		{B8FA11F3-5AC0-4A96-8EB4-F467E954DA75}.Debug|x86.Build.0 = Debug|x86
		{B8FA11F3-5AC0-4A96-8EB4-F467E954DA75}.Release|Any CPU.ActiveCfg = Release|Any CPU
		{B8FA11F3-5AC0-4A96-8EB4-F467E954DA75}.Release|Any CPU.Build.0 = Release|Any CPU
		{B8FA11F3-5AC0-4A96-8EB4-F467E954DA75}.Release|ARM.ActiveCfg = Release|Any CPU
		{B8FA11F3-5AC0-4A96-8EB4-F467E954DA75}.Release|ARM.Build.0 = Release|Any CPU
		{B8FA11F3-5AC0-4A96-8EB4-F467E954DA75}.Release|ARM64.ActiveCfg = Release|Any CPU
		{B8FA11F3-5AC0-4A96-8EB4-F467E954DA75}.Release|ARM64.Build.0 = Release|Any CPU
		{B8FA11F3-5AC0-4A96-8EB4-F467E954DA75}.Release|x64.ActiveCfg = Release|x64
		{B8FA11F3-5AC0-4A96-8EB4-F467E954DA75}.Release|x64.Build.0 = Release|x64
		{B8FA11F3-5AC0-4A96-8EB4-F467E954DA75}.Release|x86.ActiveCfg = Release|x86
		{B8FA11F3-5AC0-4A96-8EB4-F467E954DA75}.Release|x86.Build.0 = Release|x86
		{EEA82A79-1397-4CAC-9875-BD0596745586}.Debug|Any CPU.ActiveCfg = Debug|Any CPU
		{EEA82A79-1397-4CAC-9875-BD0596745586}.Debug|Any CPU.Build.0 = Debug|Any CPU
		{EEA82A79-1397-4CAC-9875-BD0596745586}.Debug|ARM.ActiveCfg = Debug|Any CPU
		{EEA82A79-1397-4CAC-9875-BD0596745586}.Debug|ARM.Build.0 = Debug|Any CPU
		{EEA82A79-1397-4CAC-9875-BD0596745586}.Debug|ARM64.ActiveCfg = Debug|Any CPU
		{EEA82A79-1397-4CAC-9875-BD0596745586}.Debug|ARM64.Build.0 = Debug|Any CPU
		{EEA82A79-1397-4CAC-9875-BD0596745586}.Debug|x64.ActiveCfg = Debug|x64
		{EEA82A79-1397-4CAC-9875-BD0596745586}.Debug|x64.Build.0 = Debug|x64
		{EEA82A79-1397-4CAC-9875-BD0596745586}.Debug|x86.ActiveCfg = Debug|x86
		{EEA82A79-1397-4CAC-9875-BD0596745586}.Debug|x86.Build.0 = Debug|x86
		{EEA82A79-1397-4CAC-9875-BD0596745586}.Release|Any CPU.ActiveCfg = Release|Any CPU
		{EEA82A79-1397-4CAC-9875-BD0596745586}.Release|Any CPU.Build.0 = Release|Any CPU
		{EEA82A79-1397-4CAC-9875-BD0596745586}.Release|ARM.ActiveCfg = Release|Any CPU
		{EEA82A79-1397-4CAC-9875-BD0596745586}.Release|ARM.Build.0 = Release|Any CPU
		{EEA82A79-1397-4CAC-9875-BD0596745586}.Release|ARM64.ActiveCfg = Release|Any CPU
		{EEA82A79-1397-4CAC-9875-BD0596745586}.Release|ARM64.Build.0 = Release|Any CPU
		{EEA82A79-1397-4CAC-9875-BD0596745586}.Release|x64.ActiveCfg = Release|x64
		{EEA82A79-1397-4CAC-9875-BD0596745586}.Release|x64.Build.0 = Release|x64
		{EEA82A79-1397-4CAC-9875-BD0596745586}.Release|x86.ActiveCfg = Release|x86
		{EEA82A79-1397-4CAC-9875-BD0596745586}.Release|x86.Build.0 = Release|x86
	EndGlobalSection
	GlobalSection(SolutionProperties) = preSolution
		HideSolutionNode = FALSE
	EndGlobalSection
	GlobalSection(ExtensibilityGlobals) = postSolution
		SolutionGuid = {533A1133-F0C6-4248-9318-A317955032FD}
	EndGlobalSection
EndGlobal
